
Microsoft Visual Studio Solution File, Format Version 12.00
# Visual Studio Version 16
VisualStudioVersion = 16.0.30907.101
MinimumVisualStudioVersion = 10.0.40219.1
Project("{FAE04EC0-301F-11D3-BF4B-00C04F79EFBC}") = "Bot Bucket", "Bot Bucket\Bot Bucket.csproj", "{4D36879B-9203-4AB7-A137-7EFA5D855C12}"
EndProject
Global
	GlobalSection(SolutionConfigurationPlatforms) = preSolution
		Debug|Any CPU = Debug|Any CPU
		Release|Any CPU = Release|Any CPU
	EndGlobalSection
	GlobalSection(ProjectConfigurationPlatforms) = postSolution
		{4D36879B-9203-4AB7-A137-7EFA5D855C12}.Debug|Any CPU.ActiveCfg = Debug|Any CPU
		{4D36879B-9203-4AB7-A137-7EFA5D855C12}.Debug|Any CPU.Build.0 = Debug|Any CPU
		{4D36879B-9203-4AB7-A137-7EFA5D855C12}.Release|Any CPU.ActiveCfg = Release|Any CPU
		{4D36879B-9203-4AB7-A137-7EFA5D855C12}.Release|Any CPU.Build.0 = Release|Any CPU
	EndGlobalSection
	GlobalSection(SolutionProperties) = preSolution
		HideSolutionNode = FALSE
	EndGlobalSection
	GlobalSection(ExtensibilityGlobals) = postSolution
		SolutionGuid = {B1088975-4890-424B-927F-3650D996F3BD}
	EndGlobalSection
EndGlobal
